{
  "name": "@lijian-ui/dsh-skill-manage",
  "version": "0.2.6",
  "lockfileVersion": 3,
  "requires": true,
  "packages": {
    "": {
      "name": "@lijian-ui/dsh-skill-manage",
      "version": "0.2.6",
      "license": "MIT",
      "dependencies": {
        "fflate": "^0.8.3",
        "yaml": "^2.9.0",
        "zod": "^4.4.3"
      },
      "devDependencies": {
        "@deepseek-ai/cordis": "4.0.2",
        "@deepseek-ai/dsh-agent": "0.1.6-alpha.2",
        "@deepseek-ai/dsh-api-gateway": "0.1.6-alpha.1",
        "@deepseek-ai/dsh-client-locale": "0.1.6-alpha.1",
        "@deepseek-ai/dsh-client-runtime": "0.1.1-rc.2",
        "@deepseek-ai/dsh-client-ui-primitives": "0.1.6-alpha.1",
        "@deepseek-ai/dsh-client-ui-settings": "0.1.6-alpha.1",
        "@deepseek-ai/dsh-client-ui-slots": "0.1.6-alpha.1",
        "@deepseek-ai/dsh-home-paths": "0.1.6-alpha.1",
        "@deepseek-ai/dsh-settings": "0.1.6-alpha.1",
        "@deepseek-ai/dsh-tools": "0.1.6-alpha.1",
        "@deepseek-ai/dsh-typert-protocol": "0.1.6-alpha.2",
        "@deepseek-ai/dsh-typert-registry": "0.1.6-alpha.2",
        "@deepseek-ai/schemastery": "3.18.2",
        "@types/node": "^22.0.0",
        "@types/react": "^18.3.0",
        "react": "^18.2.0",
        "tsdown": "^0.12.0",
        "typescript": "^5.6.0"
      },
      "peerDependencies": {
        "@deepseek-ai/cordis": "^4.0.0",
        "@deepseek-ai/dsh-api-gateway": "^0.1.0",
        "@deepseek-ai/dsh-client-locale": "^0.1.0",
        "@deepseek-ai/dsh-client-runtime": "^0.1.0",
        "@deepseek-ai/dsh-client-ui-primitives": "^0.1.0",
        "@deepseek-ai/dsh-client-ui-renderer": "^0.1.0",
        "@deepseek-ai/dsh-client-ui-settings": "^0.1.0",
        "@deepseek-ai/dsh-client-ui-slots": "^0.1.0",
        "@deepseek-ai/dsh-home-paths": "^0.1.0",
        "@deepseek-ai/dsh-settings": "^0.1.0",
        "@deepseek-ai/dsh-tools": "^0.1.0",
        "@deepseek-ai/dsh-typert-protocol": "^0.1.0",
        "@deepseek-ai/dsh-typert-registry": "^0.1.0"
      }
    },
    "node_modules/@babel/generator": {
      "version": "7.29.8",
      "resolved": "https://registry.npmmirror.com/@babel/generator/-/generator-7.29.8.tgz",
      "integrity": "sha512-gZbepsdh3WDtgZKWL+vTPh71LSBrm/Y4/QDZBVCcYfmeTEEuoOYwlSy+G1StfJg+/Zy550u/3TATbm7qDbbMtg==",
      "dev": true,
      "license": "MIT",
      "dependencies": {
        "@babel/parser": "^7.29.8",
        "@babel/types": "^7.29.8",
        "@jridgewell/gen-mapping": "^0.3.12",
        "@jridgewell/trace-mapping": "^0.3.28",
        "jsesc": "^3.0.2"
      },
      "engines": {
        "node": ">=6.9.0"
      }
    },
    "node_modules/@babel/helper-string-parser": {
      "version": "7.29.7",
      "resolved": "https://registry.npmmirror.com/@babel/helper-string-parser/-/helper-string-parser-7.29.7.tgz",
      "integrity": "sha512-Pb5ijPrZ89GDH8223L4UP8i6QApWxs04RbPQJTeWDV0/keR2E36MeKnyr6LYmUUvqRRI+Iv87SuF1W6ErINzYw==",
      "dev": true,
      "license": "MIT",
      "engines": {
        "node": ">=6.9.0"
      }
    },
    "node_modules/@babel/helper-validator-identifier": {
      "version": "7.29.7",
      "resolved": "https://registry.npmmirror.com/@babel/helper-validator-identifier/-/helper-validator-identifier-7.29.7.tgz",
      "integrity": "sha512-qehxGkRj55h/ff8EMaJ+cYhyaKlHIxqYDn682wQD7RNp9UujOQsHog2uS0r2vzr4pW+sXf90NeeayjcNaX3fFg==",
      "dev": true,
      "license": "MIT",
      "engines": {
        "node": ">=6.9.0"
      }
    },
    "node_modules/@babel/parser": {
      "version": "7.29.9",
      "resolved": "https://registry.npmmirror.com/@babel/parser/-/parser-7.29.9.tgz",
      "integrity": "sha512-CjXrNHTnvqBVqHgdBysY3vk2T8tpJHb5/RMeHJBTyVa9xgugCB0CJTx/3oO8RV2QRQP391RWpB7D6hLjm8V9uA==",
      "dev": true,
      "license": "MIT",
      "dependencies": {
        "@babel/types": "^7.29.8"
      },
      "bin": {
        "parser": "bin/babel-parser.js"
      },
      "engines": {
        "node": ">=6.0.0"
      }
    },
    "node_modules/@babel/types": {
      "version": "7.29.8",
      "resolved": "https://registry.npmmirror.com/@babel/types/-/types-7.29.8.tgz",
      "integrity": "sha512-Vj1jF3cPfxg7OAfoI7QnVKLoILlm2JF9pnVHrX8qx7AHMiYWT+NDAA7jChlNgRS4WTLc/fD1lXLmPixluj+3Gg==",
      "dev": true,
      "license": "MIT",
      "dependencies": {
        "@babel/helper-string-parser": "^7.29.7",
        "@babel/helper-validator-identifier": "^7.29.7"
      },
      "engines": {
        "node": ">=6.9.0"
      }
    },
    "node_modules/@deepseek-ai/cordis": {
      "version": "4.0.2",
      "resolved": "https://registry.npmmirror.com/@deepseek-ai/cordis/-/cordis-4.0.2.tgz",
      "integrity": "sha512-asOnXP1TzFSFQlHb1iegDZp0z/8WD1c7YNrwJR/Tx2bzNuMXfcekE/I67Iv6SQXeLB4csxqCngzQKANP7gdw0g==",
      "dev": true,
      "license": "MIT",
      "dependencies": {
        "@deepseek-ai/cosmokit": "^1.8.3",
        "@standard-schema/spec": "^1.1.0"
      },
      "bin": {
        "cordis": "bin.js"
      },
      "peerDependencies": {
        "@deepseek-ai/cordis-plugin-include": "^1.0.7",
        "@deepseek-ai/cordis-plugin-loader": "^1.0.3"
      },
      "peerDependenciesMeta": {
        "@deepseek-ai/cordis-plugin-include": {
          "optional": true
        },
        "@deepseek-ai/cordis-plugin-loader": {
          "optional": true
        }
      }
    },
    "node_modules/@deepseek-ai/cosmokit": {
      "version": "1.8.5",
      "resolved": "https://registry.npmmirror.com/@deepseek-ai/cosmokit/-/cosmokit-1.8.5.tgz",
      "integrity": "sha512-LXsrlem9z8dq4sLflj2yuCuYX7KqhdzF5hZly3eZyuTo8d6oDSOXuEgC5DbQWKW+lksm6zmOutQLsP/ma6wR6A==",
      "dev": true,
      "license": "MIT"
    },
    "node_modules/@deepseek-ai/dsh-agent": {
      "version": "0.1.6-alpha.2",
      "resolved": "https://registry.npmmirror.com/@deepseek-ai/dsh-agent/-/dsh-agent-0.1.6-alpha.2.tgz",
      "integrity": "sha512-XEOytfXmJG6dyHld3Np0IYRrVPJnuoKKx2yQ+o74a7cN89k+J61c33D7zIcDG5rLkF7sMNM608ZkhfCWJuTcjg==",
      "dev": true,
      "license": "MIT",
      "peerDependencies": {
        "@deepseek-ai/cordis": "^4.0.2",
        "@deepseek-ai/dsh-invariants": "^0.1.6-alpha.2",
        "@deepseek-ai/dsh-llm": "^0.1.6-alpha.2",
        "@deepseek-ai/dsh-scope": "^0.1.6-alpha.2",
        "@deepseek-ai/dsh-session": "^0.1.6-alpha.2",
        "@deepseek-ai/dsh-session-projection": "^0.1.6-alpha.2",
        "@deepseek-ai/dsh-system-prompt": "^0.1.6-alpha.2",
        "@deepseek-ai/dsh-typert-protocol": "^0.1.6-alpha.2",
        "@deepseek-ai/dsh-util-values": "^0.1.6-alpha.2"
      }
    },
    "node_modules/@deepseek-ai/dsh-api-gateway": {
      "version": "0.1.6-alpha.1",
      "resolved": "https://registry.npmmirror.com/@deepseek-ai/dsh-api-gateway/-/dsh-api-gateway-0.1.6-alpha.1.tgz",
      "integrity": "sha512-aK8wDfbxkhrCfxX20BGHGKezlwaWuW2d7SX/FtZm6J3U/KEki+oyAeybl4YAbMKbCzvQ5yEMZ8q4GEDcTkN8zg==",
      "dev": true,
      "license": "MIT",
      "dependencies": {
        "@deepseek-ai/dsh-deque": "^0.1.6-alpha.1",
        "@deepseek-ai/dsh-timeout": "^0.1.6-alpha.1",
        "@deepseek-ai/dsh-typert-protocol": "^0.1.6-alpha.1",
        "@deepseek-ai/schemastery": "^3.18.2",
        "ws": "^8.21.0"
      },
      "peerDependencies": {
        "@deepseek-ai/cordis": "^4.0.2"
      }
    },
    "node_modules/@deepseek-ai/dsh-brand": {
      "version": "0.1.6-alpha.2",
      "resolved": "https://registry.npmmirror.com/@deepseek-ai/dsh-brand/-/dsh-brand-0.1.6-alpha.2.tgz",
      "integrity": "sha512-Fx+GKwkTjTVf6drn888j7vF5ak0/6mxHDF1bYH4FBsRI+h/8UmPAgIV5fAfT63GqBSXdgmVe/hdzdmXS2nq6Eg==",
      "dev": true,
      "license": "MIT",
      "peerDependencies": {
        "@deepseek-ai/cordis": "^4.0.2"
      }
    },
    "node_modules/@deepseek-ai/dsh-client-locale": {
      "version": "0.1.6-alpha.1",
      "resolved": "https://registry.npmmirror.com/@deepseek-ai/dsh-client-locale/-/dsh-client-locale-0.1.6-alpha.1.tgz",
      "integrity": "sha512-QQ/5ZORyY8T/U9eaC6oHLMmSzZRbqjmV20qmHQeJu/RUgHIZNutWGdYaUgMLt4n3vHk9FdHqLdAX6n6IVCfAGg==",
      "dev": true,
      "license": "MIT",
      "dependencies": {
        "@deepseek-ai/schemastery": "^3.18.2"
      },
      "peerDependencies": {
        "@deepseek-ai/cordis": "^4.0.2"
      }
    },
    "node_modules/@deepseek-ai/dsh-client-runtime": {
      "version": "0.1.1-rc.2",
      "resolved": "https://registry.npmmirror.com/@deepseek-ai/dsh-client-runtime/-/dsh-client-runtime-0.1.1-rc.2.tgz",
      "integrity": "sha512-o1FH7Rlns0Xaxh4SBOWZ1wpa0ViGw6DXWNm5NFpsBTGYD94RGdIrud3QxgrfzmQKLzu33gvS8JL/IjqbzWyYsg==",
      "dev": true,
      "license": "MIT",
      "dependencies": {
        "immer": "^10.1.1",
        "zustand": "~4.4.7"
      },
      "peerDependencies": {
        "@deepseek-ai/cordis": "^4.0.1",
        "@deepseek-ai/dsh-agent": "^0.1.1-rc.2",
        "@deepseek-ai/dsh-api-remotes": "^0.1.1-rc.2",
        "@deepseek-ai/dsh-attachment": "^0.1.1-rc.2",
        "@deepseek-ai/dsh-client-connection": "^0.1.1-rc.2",
        "@deepseek-ai/dsh-commands": "^0.1.1-rc.2",
        "@deepseek-ai/dsh-host-apiproxy": "^0.1.1-rc.2",
        "@deepseek-ai/dsh-invariants": "^0.1.1-rc.2",
        "@deepseek-ai/dsh-llm": "^0.1.1-rc.2",
        "@deepseek-ai/dsh-llm-retry": "^0.1.1-rc.2",
        "@deepseek-ai/dsh-session": "^0.1.1-rc.2",
        "@deepseek-ai/dsh-session-projection": "^0.1.1-rc.2",
        "@deepseek-ai/dsh-session-title": "^0.1.1-rc.2",
        "@deepseek-ai/dsh-tools": "^0.1.1-rc.2",
        "@deepseek-ai/dsh-typert-protocol": "^0.1.1-rc.2",
        "@deepseek-ai/dsh-typert-registry": "^0.1.1-rc.2"
      }
    },
    "node_modules/@deepseek-ai/dsh-client-ui-primitives": {
      "version": "0.1.6-alpha.1",
      "resolved": "https://registry.npmmirror.com/@deepseek-ai/dsh-client-ui-primitives/-/dsh-client-ui-primitives-0.1.6-alpha.1.tgz",
      "integrity": "sha512-c0gmD7uOb22I0gu83/Kbzr1y8lLRcvQaO8DqecwZw0gTspv0RGQWra91eb+10677L3CiIgd/vRbgI4ai5WKVZw==",
      "dev": true,
      "license": "MIT",
      "peerDependencies": {
        "@deepseek-ai/cordis": "^4.0.2"
      }
    },
    "node_modules/@deepseek-ai/dsh-client-ui-settings": {
      "version": "0.1.6-alpha.1",
      "resolved": "https://registry.npmmirror.com/@deepseek-ai/dsh-client-ui-settings/-/dsh-client-ui-settings-0.1.6-alpha.1.tgz",
      "integrity": "sha512-2habcvrp3k5CL3wGZqKAt18DlSqY87awvfeyvMTWmAfolEDzr25ffRYG5Vg6Dkww4flZhdl4TT8R522KpdoQBw==",
      "dev": true,
      "license": "MIT",
      "peerDependencies": {
        "@deepseek-ai/cordis": "^4.0.2"
      }
    },
    "node_modules/@deepseek-ai/dsh-client-ui-slots": {
      "version": "0.1.6-alpha.1",
      "resolved": "https://registry.npmmirror.com/@deepseek-ai/dsh-client-ui-slots/-/dsh-client-ui-slots-0.1.6-alpha.1.tgz",
      "integrity": "sha512-Sm91STGc2R4EDeKF9zqksclv0Xj/vqIJ4ruVieB8+asFRSsO6iLOH6dOP9DyDix6ehx4MUknurO4KBA0zmaurg==",
      "dev": true,
      "license": "MIT",
      "peerDependencies": {
        "@deepseek-ai/cordis": "^4.0.2"
      }
    },
    "node_modules/@deepseek-ai/dsh-deque": {
      "version": "0.1.6-alpha.2",
      "resolved": "https://registry.npmmirror.com/@deepseek-ai/dsh-deque/-/dsh-deque-0.1.6-alpha.2.tgz",
      "integrity": "sha512-Zgd8osFZOrPTHM6JcW/8Xq7//yjv1LKxUCYHWyNn80jeSuSHO6gzHnkxUfjTQBrOViaWZeS79DbR6Y75/WKNsA==",
      "dev": true,
      "license": "MIT",
      "peerDependencies": {
        "@deepseek-ai/cordis": "^4.0.2"
      }
    },
    "node_modules/@deepseek-ai/dsh-home-paths": {
      "version": "0.1.6-alpha.1",
      "resolved": "https://registry.npmmirror.com/@deepseek-ai/dsh-home-paths/-/dsh-home-paths-0.1.6-alpha.1.tgz",
      "integrity": "sha512-YLlIBjrZrf4Zs7IBrG6KApou9kUnILGfAxMbGTT/OdPKAtUI171gaTWzX+lDqa8sAq919/C9NlvgRlNSli9egw==",
      "dev": true,
      "license": "MIT",
      "peerDependencies": {
        "@deepseek-ai/cordis": "^4.0.2"
      }
    },
    "node_modules/@deepseek-ai/dsh-settings": {
      "version": "0.1.6-alpha.1",
      "resolved": "https://registry.npmmirror.com/@deepseek-ai/dsh-settings/-/dsh-settings-0.1.6-alpha.1.tgz",
      "integrity": "sha512-7Q5UG809Hf/zy1elrAF/EqqbDGFYCq3D+Yp5iOSWx0f1XfAEgWb2YZmiM1sBHVYvrQf8UvNWeY9sDvM1DffjgQ==",
      "dev": true,
      "license": "MIT",
      "dependencies": {
        "@deepseek-ai/dsh-util-values": "^0.1.6-alpha.1"
      },
      "peerDependencies": {
        "@deepseek-ai/cordis": "^4.0.2",
        "@deepseek-ai/dsh-brand": "^0.1.6-alpha.1",
        "@deepseek-ai/dsh-invariants": "^0.1.6-alpha.1",
        "@deepseek-ai/dsh-session": "^0.1.6-alpha.1",
        "@deepseek-ai/schemastery": "^3.18.2"
      }
    },
    "node_modules/@deepseek-ai/dsh-timeout": {
      "version": "0.1.6-alpha.2",
      "resolved": "https://registry.npmmirror.com/@deepseek-ai/dsh-timeout/-/dsh-timeout-0.1.6-alpha.2.tgz",
      "integrity": "sha512-Hdcv+GMyfJVENm7CFEjztwbpDfsND10HZ+Q/9Nnw5UqlCkyQd8alhW+I2xIDTZQVvlDnRcu6l8ix1k2OOmiFSA==",
      "dev": true,
      "license": "MIT",
      "peerDependencies": {
        "@deepseek-ai/cordis": "^4.0.2"
      }
    },
    "node_modules/@deepseek-ai/dsh-tools": {
      "version": "0.1.6-alpha.1",
      "resolved": "https://registry.npmmirror.com/@deepseek-ai/dsh-tools/-/dsh-tools-0.1.6-alpha.1.tgz",
      "integrity": "sha512-kMVU8nZvM9jaam60FH9px2m/vcvXCcuSdZNf3fhZ1N/5mjbdhXLm5CGaNV8QaDlrYjpV8L/wop8TO3LaDuufqA==",
      "dev": true,
      "license": "MIT",
      "dependencies": {
        "@deepseek-ai/dsh-brand": "^0.1.6-alpha.1",
        "@deepseek-ai/dsh-util-values": "^0.1.6-alpha.1",
        "@deepseek-ai/schemastery": "^3.18.2"
      },
      "peerDependencies": {
        "@deepseek-ai/cordis": "^4.0.2",
        "@deepseek-ai/dsh-agent": "^0.1.6-alpha.1",
        "@deepseek-ai/dsh-invariants": "^0.1.6-alpha.1",
        "@deepseek-ai/dsh-llm": "^0.1.6-alpha.1",
        "@deepseek-ai/dsh-ptc-runtime": "^0.1.6-alpha.1",
        "@deepseek-ai/dsh-sandbox": "^0.1.6-alpha.1",
        "@deepseek-ai/dsh-sandbox-policy": "^0.1.6-alpha.1",
        "@deepseek-ai/dsh-scope": "^0.1.6-alpha.1",
        "@deepseek-ai/dsh-session": "^0.1.6-alpha.1",
        "@deepseek-ai/dsh-system-prompt": "^0.1.6-alpha.1",
        "@deepseek-ai/dsh-user-approval": "^0.1.6-alpha.1"
      }
    },
    "node_modules/@deepseek-ai/dsh-typert-protocol": {
      "version": "0.1.6-alpha.2",
      "resolved": "https://registry.npmmirror.com/@deepseek-ai/dsh-typert-protocol/-/dsh-typert-protocol-0.1.6-alpha.2.tgz",
      "integrity": "sha512-rC0XtllnwXXr+956y5r9E1CQIe/BA7AoNVZVW3+4srF7i4BoH90j64g4c3U+KsNLFC4dCOufNJ15kXKrMLMauQ==",
      "dev": true,
      "license": "MIT",
      "peerDependencies": {
        "@deepseek-ai/cordis": "^4.0.2"
      }
    },
    "node_modules/@deepseek-ai/dsh-typert-registry": {
      "version": "0.1.6-alpha.2",
      "resolved": "https://registry.npmmirror.com/@deepseek-ai/dsh-typert-registry/-/dsh-typert-registry-0.1.6-alpha.2.tgz",
      "integrity": "sha512-TQoLnzbm04UUKzMRntUxWUcguBDcivIFLPdyLPwjPzjzcCC5nYgjgKL8nHwTXrSBWB1WphbfIcgq1WfbirU9hw==",
      "dev": true,
      "license": "MIT",
      "dependencies": {
        "zod": "^4.4.3"
      },
      "peerDependencies": {
        "@deepseek-ai/cordis": "^4.0.2"
      }
    },
    "node_modules/@deepseek-ai/dsh-util-values": {
      "version": "0.1.6-alpha.2",
      "resolved": "https://registry.npmmirror.com/@deepseek-ai/dsh-util-values/-/dsh-util-values-0.1.6-alpha.2.tgz",
      "integrity": "sha512-9p+4ffFjq7OIeYqvHlIhKs85MZrirdu9QYi+vknOwkgszZXAgoRbPnX0ZzhsTneFSqQgLEfBXtUHUtOI1iiB/Q==",
      "dev": true,
      "license": "MIT",
      "peerDependencies": {
        "@deepseek-ai/cordis": "^4.0.2"
      }
    },
    "node_modules/@deepseek-ai/schemastery": {
      "version": "3.18.2",
      "resolved": "https://registry.npmmirror.com/@deepseek-ai/schemastery/-/schemastery-3.18.2.tgz",
      "integrity": "sha512-njDtZsznjYxok7KLLlHOPyuv2efdWVbSflAHgztSfbMsg+CVraEoRe2DjOCgClYv3ZCSm7WXoaUkbB/+RY7tWQ==",
      "dev": true,
      "license": "MIT",
      "dependencies": {
        "@deepseek-ai/cosmokit": "^1.8.3",
        "@standard-schema/spec": "^1.1.0"
      }
    },
    "node_modules/@jridgewell/gen-mapping": {
      "version": "0.3.13",
      "resolved": "https://registry.npmmirror.com/@jridgewell/gen-mapping/-/gen-mapping-0.3.13.tgz",
      "integrity": "sha512-2kkt/7niJ6MgEPxF0bYdQ6etZaA+fQvDcLKckhy1yIQOzaoKjBBjSj63/aLVjYE3qhRt5dvM+uUyfCg6UKCBbA==",
      "dev": true,
      "license": "MIT",
      "dependencies": {
        "@jridgewell/sourcemap-codec": "^1.5.0",
        "@jridgewell/trace-mapping": "^0.3.24"
      }
    },
    "node_modules/@jridgewell/resolve-uri": {
      "version": "3.1.2",
      "resolved": "https://registry.npmmirror.com/@jridgewell/resolve-uri/-/resolve-uri-3.1.2.tgz",
      "integrity": "sha512-bRISgCIjP20/tbWSPWMEi54QVPRZExkuD9lJL+UIxUKtwVJA8wW1Trb1jMs1RFXo1CBTNZ/5hpC9QvmKWdopKw==",
      "dev": true,
      "license": "MIT",
      "engines": {
        "node": ">=6.0.0"
      }
    },
    "node_modules/@jridgewell/sourcemap-codec": {
      "version": "1.6.0",
      "resolved": "https://registry.npmmirror.com/@jridgewell/sourcemap-codec/-/sourcemap-codec-1.6.0.tgz",
      "integrity": "sha512-T7jf+5zgsZHwNJ4lvQ7/aezbyk0nNX+zJVWpmHA7VYsEx7a7qr5Rg5IbtJFqkgze5Y2sruq1RUY8Q837Od7iFw==",
      "dev": true,
      "license": "MIT"
    },
    "node_modules/@jridgewell/trace-mapping": {
      "version": "0.3.31",
      "resolved": "https://registry.npmmirror.com/@jridgewell/trace-mapping/-/trace-mapping-0.3.31.tgz",
      "integrity": "sha512-zzNR+SdQSDJzc8joaeP8QQoCQr8NuYx2dIIytl1QeBEZHJ9uW6hebsrYgbz8hJwUQao3TWCMtmfV8Nu1twOLAw==",
      "dev": true,
      "license": "MIT",
      "dependencies": {
        "@jridgewell/resolve-uri": "^3.1.0",
        "@jridgewell/sourcemap-codec": "^1.4.14"
      }
    },
    "node_modules/@oxc-project/types": {
      "version": "0.150.0",
      "resolved": "https://registry.npmmirror.com/@oxc-project/types/-/types-0.150.0.tgz",
      "integrity": "sha512-rDS5/31E9HfPl/CIzGrn0DOlvBbXFseQ5URJ9sYMfstbKLD/c6Gm9vmRzRGDdAXyOIL4zmO37lc9RIwYqVruZw==",
      "dev": true,
      "license": "MIT",
      "funding": {
        "url": "https://github.com/sponsors/oxc-project"
      }
    },
    "node_modules/@quansync/fs": {
      "version": "1.1.0",
      "resolved": "https://registry.npmmirror.com/@quansync/fs/-/fs-1.1.0.tgz",
      "integrity": "sha512-qAPG/t3HqML1TlN7sY/pTbEjzFVAKsMjNNMGheyDosro+kT4iw2KCUoHcVdmliwWjorm4elZbgNQyU2eD97eDg==",
      "dev": true,
      "license": "MIT",
      "dependencies": {
        "quansync": "^1.0.0"
      },
      "funding": {
        "url": "https://github.com/sponsors/sxzz"
      }
    },
    "node_modules/@rolldown/binding-android-arm-eabi": {
      "version": "1.2.9",
      "resolved": "https://registry.npmmirror.com/@rolldown/binding-android-arm-eabi/-/binding-android-arm-eabi-1.2.9.tgz",
      "integrity": "sha512-tNISae1QEf/vkb3xkRcjV5SEdzPE97We5IVaa2Z8jSszQPZ8U60B/YCYpw4QI7VidYsBtKavczXf+DyDs9WGxw==",
      "cpu": [
        "arm"
      ],
      "dev": true,
      "license": "MIT",
      "optional": true,
      "os": [
        "android"
      ],
      "engines": {
        "node": "^20.19.0 || >=22.12.0"
      }
    },
    "node_modules/@rolldown/binding-android-arm64": {
      "version": "1.2.9",
      "resolved": "https://registry.npmmirror.com/@rolldown/binding-android-arm64/-/binding-android-arm64-1.2.9.tgz",
      "integrity": "sha512-YC8YsI30o606GTZi0VyzYlsDKFP8W61i/QzayHDkLbNEz/IShqAmTa+hsJRj13xTHA0H+6fk4b2UmGn+Q/cMlg==",
      "cpu": [
        "arm64"
      ],
      "dev": true,
      "license": "MIT",
      "optional": true,
      "os": [
        "android"
      ],
      "engines": {
        "node": "^20.19.0 || >=22.12.0"
      }
    },
    "node_modules/@rolldown/binding-darwin-arm64": {
      "version": "1.2.9",
      "resolved": "https://registry.npmmirror.com/@rolldown/binding-darwin-arm64/-/binding-darwin-arm64-1.2.9.tgz",
      "integrity": "sha512-IwhlH3qK5urrY8hZiEgGkHKEFN901p/p2bjxCxJlr4GyNnF7wYpUvK+Y43uaRYuC4hpfjzbR3SJC3arX1jGvmw==",
      "cpu": [
        "arm64"
      ],
      "dev": true,
      "license": "MIT",
      "optional": true,
      "os": [
        "darwin"
      ],
      "engines": {
        "node": "^20.19.0 || >=22.12.0"
      }
    },
    "node_modules/@rolldown/binding-darwin-x64": {
      "version": "1.2.9",
      "resolved": "https://registry.npmmirror.com/@rolldown/binding-darwin-x64/-/binding-darwin-x64-1.2.9.tgz",
      "integrity": "sha512-XxpJfVzFh+jilRxIXUqcfYAYcunIc/XEzIizsOL1fcJee5Sf7H3mH8WlLmfHfluz5amqR88QQo9izKtmMlavAw==",
      "cpu": [
        "x64"
      ],
      "dev": true,
      "license": "MIT",
      "optional": true,
      "os": [
        "darwin"
      ],
      "engines": {
        "node": "^20.19.0 || >=22.12.0"
      }
    },
    "node_modules/@rolldown/binding-freebsd-x64": {
      "version": "1.2.9",
      "resolved": "https://registry.npmmirror.com/@rolldown/binding-freebsd-x64/-/binding-freebsd-x64-1.2.9.tgz",
      "integrity": "sha512-kSfvhmgeWyfkbT3p/1s5vSgboogoah2zkm9fX2zjg2hHxSV7T4KhMWRUUaRk4OXNqoD3QAUeRqLcs1aZOK4U1g==",
      "cpu": [
        "x64"
      ],
      "dev": true,
      "license": "MIT",
      "optional": true,
      "os": [
        "freebsd"
      ],
      "engines": {
        "node": "^20.19.0 || >=22.12.0"
      }
    },
    "node_modules/@rolldown/binding-linux-arm-gnueabihf": {
      "version": "1.2.9",
      "resolved": "https://registry.npmmirror.com/@rolldown/binding-linux-arm-gnueabihf/-/binding-linux-arm-gnueabihf-1.2.9.tgz",
      "integrity": "sha512-1RVzG17pxqbTfYLC352JlLt6kKLG+6Hr30n8DlIJqsnV5luUDd2Qdx9Ayw1Cabfyb1K9k0jXEZ7evxkRoT+uiw==",
      "cpu": [
        "arm"
      ],
      "dev": true,
      "license": "MIT",
      "optional": true,
      "os": [
        "linux"
      ],
      "engines": {
        "node": "^20.19.0 || >=22.12.0"
      }
    },
    "node_modules/@rolldown/binding-linux-arm64-gnu": {
      "version": "1.2.9",
      "resolved": "https://registry.npmmirror.com/@rolldown/binding-linux-arm64-gnu/-/binding-linux-arm64-gnu-1.2.9.tgz",
      "integrity": "sha512-BXqPvZ2drqVD+/Z8UpKwcs4Mp7grM+eGFku4CAEKrEtcbAsUpzREphK1sogCRZGreVPiMkiiBtw0n3TPteuqvw==",
      "cpu": [
        "arm64"
      ],
      "dev": true,
      "license": "MIT",
      "optional": true,
      "os": [
        "linux"
      ],
      "engines": {
        "node": "^20.19.0 || >=22.12.0"
      }
    },
    "node_modules/@rolldown/binding-linux-arm64-musl": {
      "version": "1.2.9",
      "resolved": "https://registry.npmmirror.com/@rolldown/binding-linux-arm64-musl/-/binding-linux-arm64-musl-1.2.9.tgz",
      "integrity": "sha512-11vWvo8YDwLzukt27J3aYDWU+gg2P7J+ZOmiJ0hkF5BXZDW7pVya7r40MXDy6ya0i9KamoENSVKIugvJNgFXIA==",
      "cpu": [
        "arm64"
      ],
      "dev": true,
      "license": "MIT",
      "optional": true,
      "os": [
        "linux"
      ],
      "engines": {
        "node": "^20.19.0 || >=22.12.0"
      }
    },
    "node_modules/@rolldown/binding-linux-ppc64-gnu": {
      "version": "1.2.9",
      "resolved": "https://registry.npmmirror.com/@rolldown/binding-linux-ppc64-gnu/-/binding-linux-ppc64-gnu-1.2.9.tgz",
      "integrity": "sha512-a1tijMkdwsIARtc0F39ApURROkf3NwqinI6TOiSSWCTR7dT96dffNvMUtDHnq64wKNTIZOIlzKrFvvFUznJiyw==",
      "cpu": [
        "ppc64"
      ],
      "dev": true,
      "license": "MIT",
      "optional": true,
      "os": [
        "linux"
      ],
      "engines": {
        "node": "^20.19.0 || >=22.12.0"
      }
    },
    "node_modules/@rolldown/binding-linux-s390x-gnu": {
      "version": "1.2.9",
      "resolved": "https://registry.npmmirror.com/@rolldown/binding-linux-s390x-gnu/-/binding-linux-s390x-gnu-1.2.9.tgz",
      "integrity": "sha512-x6SQNdAvv4c3hWqTMaWuawzMX9myaCs/yEmlGsxJzkdClnHW7FbrjQuSiRDhuSYzEYoEMhsaJy9qHG/XNemJPQ==",
      "cpu": [
        "s390x"
      ],
      "dev": true,
      "license": "MIT",
      "optional": true,
      "os": [
        "linux"
      ],
      "engines": {
        "node": "^20.19.0 || >=22.12.0"
      }
    },
    "node_modules/@rolldown/binding-linux-x64-gnu": {
      "version": "1.2.9",
      "resolved": "https://registry.npmmirror.com/@rolldown/binding-linux-x64-gnu/-/binding-linux-x64-gnu-1.2.9.tgz",
      "integrity": "sha512-9s0AZ8BFK5/n7B/TBoa2yJE3gI3KURrbXcPBlsAsvjU4VeJKgE90y1YtNxyEUIcHPQkg6/yfF3qihUrcM/Kf0Q==",
      "cpu": [
        "x64"
      ],
      "dev": true,
      "license": "MIT",
      "optional": true,
      "os": [
        "linux"
      ],
      "engines": {
        "node": "^20.19.0 || >=22.12.0"
      }
    },
    "node_modules/@rolldown/binding-linux-x64-musl": {
      "version": "1.2.9",
      "resolved": "https://registry.npmmirror.com/@rolldown/binding-linux-x64-musl/-/binding-linux-x64-musl-1.2.9.tgz",
      "integrity": "sha512-P7VWAmV+WdJluH7ovnRGoiv2i8To7GAZ+kGzfGup635cyL7SyYl3lSUaA3Gp5THf0n/Co5EyEqb2zbqq+nMOHQ==",
      "cpu": [
        "x64"
      ],
      "dev": true,
      "license": "MIT",
      "optional": true,
      "os": [
        "linux"
      ],
      "engines": {
        "node": "^20.19.0 || >=22.12.0"
      }
    },
    "node_modules/@rolldown/binding-openharmony-arm64": {
      "version": "1.2.9",
      "resolved": "https://registry.npmmirror.com/@rolldown/binding-openharmony-arm64/-/binding-openharmony-arm64-1.2.9.tgz",
      "integrity": "sha512-1qixtsE4BK8h+yS3BfmZ09UhA7O/N4IACva6YBr7EBvCJraByTuRcgOTaiA62Tm0vey3UcKXLOaoGHtYmNGEVg==",
      "cpu": [
        "arm64"
      ],
      "dev": true,
      "license": "MIT",
      "optional": true,
      "os": [
        "openharmony"
      ],
      "engines": {
        "node": "^20.19.0 || >=22.12.0"
      }
    },
    "node_modules/@rolldown/binding-win32-arm64-msvc": {
      "version": "1.2.9",
      "resolved": "https://registry.npmmirror.com/@rolldown/binding-win32-arm64-msvc/-/binding-win32-arm64-msvc-1.2.9.tgz",
      "integrity": "sha512-ok8IQjcEPs1AKZfuEUznVBrJw+gK4soq+bx8b1X2XoMqVClarc1q5JDmVtWXY1xfr6ZuHTAsPXHTgTrqKTZeww==",
      "cpu": [
        "arm64"
      ],
      "dev": true,
      "license": "MIT",
      "optional": true,
      "os": [
        "win32"
      ],
      "engines": {
        "node": "^20.19.0 || >=22.12.0"
      }
    },
    "node_modules/@rolldown/binding-win32-x64-msvc": {
      "version": "1.2.9",
      "resolved": "https://registry.npmmirror.com/@rolldown/binding-win32-x64-msvc/-/binding-win32-x64-msvc-1.2.9.tgz",
      "integrity": "sha512-Ip2mXoU0hM0boq3Rf+ekuT653OROSo6aSYcPT1VHE4q52KvyxgFkQgrgb/IEsxOuvQ2fZZbs8khJAyCEPM24/g==",
      "cpu": [
        "x64"
      ],
      "dev": true,
      "license": "MIT",
      "optional": true,
      "os": [
        "win32"
      ],
      "engines": {
        "node": "^20.19.0 || >=22.12.0"
      }
    },
    "node_modules/@rolldown/pluginutils": {
      "version": "1.0.1",
      "resolved": "https://registry.npmmirror.com/@rolldown/pluginutils/-/pluginutils-1.0.1.tgz",
      "integrity": "sha512-2j9bGt5Jh8hj+vPtgzPtl72j0yRxHAyumoo6TNfAjsLB04UtpSvPbPcDcBMxz7n+9CYB0c1GxQFxYRg2jimqGw==",
      "dev": true,
      "license": "MIT"
    },
    "node_modules/@standard-schema/spec": {
      "version": "1.1.0",
      "resolved": "https://registry.npmmirror.com/@standard-schema/spec/-/spec-1.1.0.tgz",
      "integrity": "sha512-l2aFy5jALhniG5HgqrD6jXLi/rUWrKvqN/qJx6yoJsgKhblVd+iqqU4RCXavm/jPityDo5TCvKMnpjKnOriy0w==",
      "dev": true,
      "license": "MIT"
    },
    "node_modules/@types/node": {
      "version": "22.20.4",
      "resolved": "https://registry.npmmirror.com/@types/node/-/node-22.20.4.tgz",
      "integrity": "sha512-zJRE40jpHtKqE/C4fgHrAKQLJuSpzEnP9ff9Y7YtoR3Wd2pwqzlekDeEuUQXjRd+QCYnVnNwuJYmhdk9XV8gvA==",
      "dev": true,
      "license": "MIT",
      "dependencies": {
        "undici-types": "~6.21.0"
      }
    },
    "node_modules/@types/prop-types": {
      "version": "15.7.15",
      "resolved": "https://registry.npmmirror.com/@types/prop-types/-/prop-types-15.7.15.tgz",
      "integrity": "sha512-F6bEyamV9jKGAFBEmlQnesRPGOQqS2+Uwi0Em15xenOxHaf2hv6L8YCVn3rPdPJOiJfPiCnLIRyvwVaqMY3MIw==",
      "dev": true,
      "license": "MIT"
    },
    "node_modules/@types/react": {
      "version": "18.3.31",
      "resolved": "https://registry.npmmirror.com/@types/react/-/react-18.3.31.tgz",
      "integrity": "sha512-vfEqpXTvwT91yhmwdfouStN2hSKwTvyRs8qpLfADyrq/kxDw0hZM7Wk9Ug1FELj8hIby+S/+kQCSRFF32nv2Qw==",
      "dev": true,
      "license": "MIT",
      "dependencies": {
        "@types/prop-types": "*",
        "csstype": "^3.2.2"
      }
    },
    "node_modules/ansis": {
      "version": "4.4.0",
      "resolved": "https://registry.npmmirror.com/ansis/-/ansis-4.4.0.tgz",
      "integrity": "sha512-9k3v7xcHwgdO/DruxGIg4HtjvlAZlcnsX/mzqUb1t3NkYnl9kK2UJ+Gq0io+vQf7iT//BD/HB/NBkUR1LWxoeA==",
      "dev": true,
      "license": "ISC",
      "engines": {
        "node": ">=14"
      }
    },
    "node_modules/ast-kit": {
      "version": "2.2.0",
      "resolved": "https://registry.npmmirror.com/ast-kit/-/ast-kit-2.2.0.tgz",
      "integrity": "sha512-m1Q/RaVOnTp9JxPX+F+Zn7IcLYMzM8kZofDImfsKZd8MbR+ikdOzTeztStWqfrqIxZnYWryyI9ePm3NGjnZgGw==",
      "dev": true,
      "license": "MIT",
      "dependencies": {
        "@babel/parser": "^7.28.5",
        "pathe": "^2.0.3"
      },
      "engines": {
        "node": ">=20.19.0"
      },
      "funding": {
        "url": "https://github.com/sponsors/sxzz"
      }
    },
    "node_modules/birpc": {
      "version": "2.9.0",
      "resolved": "https://registry.npmmirror.com/birpc/-/birpc-2.9.0.tgz",
      "integrity": "sha512-KrayHS5pBi69Xi9JmvoqrIgYGDkD6mcSe/i6YKi3w5kekCLzrX4+nawcXqrj2tIp50Kw/mT/s3p+GVK0A0sKxw==",
      "dev": true,
      "license": "MIT",
      "funding": {
        "url": "https://github.com/sponsors/antfu"
      }
    },
    "node_modules/cac": {
      "version": "6.7.14",
      "resolved": "https://registry.npmmirror.com/cac/-/cac-6.7.14.tgz",
      "integrity": "sha512-b6Ilus+c3RrdDk+JhLKUAQfzzgLEPy6wcXqS7f/xe1EETvsDP6GORG7SFuOs6cID5YkqchW/LXZbX5bc8j7ZcQ==",
      "dev": true,
      "license": "MIT",
      "engines": {
        "node": ">=8"
      }
    },
    "node_modules/chokidar": {
      "version": "4.0.3",
      "resolved": "https://registry.npmmirror.com/chokidar/-/chokidar-4.0.3.tgz",
      "integrity": "sha512-Qgzu8kfBvo+cA4962jnP1KkS6Dop5NS6g7R5LFYJr4b8Ub94PPQXUksCw9PvXoeXPRRddRNC5C1JQUR2SMGtnA==",
      "dev": true,
      "license": "MIT",
      "dependencies": {
        "readdirp": "^4.0.1"
      },
      "engines": {
        "node": ">= 14.16.0"
      },
      "funding": {
        "url": "https://paulmillr.com/funding/"
      }
    },
    "node_modules/csstype": {
      "version": "3.2.3",
      "resolved": "https://registry.npmmirror.com/csstype/-/csstype-3.2.3.tgz",
      "integrity": "sha512-z1HGKcYy2xA8AGQfwrn0PAy+PB7X/GSj3UVJW9qKyn43xWa+gl5nXmU4qqLMRzWVLFC8KusUX8T/0kCiOYpAIQ==",
      "dev": true,
      "license": "MIT"
    },
    "node_modules/debug": {
      "version": "4.4.3",
      "resolved": "https://registry.npmmirror.com/debug/-/debug-4.4.3.tgz",
      "integrity": "sha512-RGwwWnwQvkVfavKVt22FGLw+xYSdzARwm0ru6DhTVA3umU5hZc28V3kO4stgYryrTlLpuvgI9GiijltAjNbcqA==",
      "dev": true,
      "license": "MIT",
      "dependencies": {
        "ms": "^2.1.3"
      },
      "engines": {
        "node": ">=6.0"
      },
      "peerDependenciesMeta": {
        "supports-color": {
          "optional": true
        }
      }
    },
    "node_modules/defu": {
      "version": "6.1.7",
      "resolved": "https://registry.npmmirror.com/defu/-/defu-6.1.7.tgz",
      "integrity": "sha512-7z22QmUWiQ/2d0KkdYmANbRUVABpZ9SNYyH5vx6PZ+nE5bcC0l7uFvEfHlyld/HcGBFTL536ClDt3DEcSlEJAQ==",
      "dev": true,
      "license": "MIT"
    },
    "node_modules/diff": {
      "version": "8.0.4",
      "resolved": "https://registry.npmmirror.com/diff/-/diff-8.0.4.tgz",
      "integrity": "sha512-DPi0FmjiSU5EvQV0++GFDOJ9ASQUVFh5kD+OzOnYdi7n3Wpm9hWWGfB/O2blfHcMVTL5WkQXSnRiK9makhrcnw==",
      "dev": true,
      "license": "BSD-3-Clause",
      "engines": {
        "node": ">=0.3.1"
      }
    },
    "node_modules/dts-resolver": {
      "version": "2.1.3",
      "resolved": "https://registry.npmmirror.com/dts-resolver/-/dts-resolver-2.1.3.tgz",
      "integrity": "sha512-bihc7jPC90VrosXNzK0LTE2cuLP6jr0Ro8jk+kMugHReJVLIpHz/xadeq3MhuwyO4TD4OA3L1Q8pBBFRc08Tsw==",
      "dev": true,
      "license": "MIT",
      "engines": {
        "node": ">=20.19.0"
      },
      "funding": {
        "url": "https://github.com/sponsors/sxzz"
      },
      "peerDependencies": {
        "oxc-resolver": ">=11.0.0"
      },
      "peerDependenciesMeta": {
        "oxc-resolver": {
          "optional": true
        }
      }
    },
    "node_modules/empathic": {
      "version": "2.1.0",
      "resolved": "https://registry.npmmirror.com/empathic/-/empathic-2.1.0.tgz",
      "integrity": "sha512-AnfC1ATldl49/cvZdLPDjBfrRNwbDO05aibiOtzQu3qtlbJtomNLhF30HEtn/7iBz50dlMECqATo3fG0LrdEgw==",
      "dev": true,
      "license": "MIT",
      "engines": {
        "node": ">=14"
      }
    },
    "node_modules/fdir": {
      "version": "6.5.0",
      "resolved": "https://registry.npmmirror.com/fdir/-/fdir-6.5.0.tgz",
      "integrity": "sha512-tIbYtZbucOs0BRGqPJkshJUYdL+SDH7dVM8gjy+ERp3WAUjLEFJE+02kanyHtwjWOnwrKYBiwAmM0p4kLJAnXg==",
      "dev": true,
      "license": "MIT",
      "engines": {
        "node": ">=12.0.0"
      },
      "peerDependencies": {
        "picomatch": "^3 || ^4"
      },
      "peerDependenciesMeta": {
        "picomatch": {
          "optional": true
        }
      }
    },
    "node_modules/fflate": {
      "version": "0.8.3",
      "resolved": "https://registry.npmmirror.com/fflate/-/fflate-0.8.3.tgz",
      "integrity": "sha512-tbZNuJrLwGUp3zshBtdy4W+ORxZuIh8a5ilyIEQDC5rY1f3U20JMry0Ll3WBzU58EZKsEuJFXhb5gwv8CsPvgA==",
      "license": "MIT"
    },
    "node_modules/get-tsconfig": {
      "version": "4.14.3",
      "resolved": "https://registry.npmmirror.com/get-tsconfig/-/get-tsconfig-4.14.3.tgz",
      "integrity": "sha512-++QEw4DIY7WGoukz+/+A/8dGYPT9l9yIadnmSgZ8Rjr3YVSVDipQSO9CdnJo9ePqFqUUqh+wk9uIaoiAwsiPkA==",
      "dev": true,
      "license": "MIT",
      "dependencies": {
        "resolve-pkg-maps": "^1.0.0"
      },
      "funding": {
        "url": "https://github.com/privatenumber/get-tsconfig?sponsor=1"
      }
    },
    "node_modules/hookable": {
      "version": "5.5.3",
      "resolved": "https://registry.npmmirror.com/hookable/-/hookable-5.5.3.tgz",
      "integrity": "sha512-Yc+BQe8SvoXH1643Qez1zqLRmbA5rCL+sSmk6TVos0LWVfNIB7PGncdlId77WzLGSIB5KaWgTaNTs2lNVEI6VQ==",
      "dev": true,
      "license": "MIT"
    },
    "node_modules/immer": {
      "version": "10.2.0",
      "resolved": "https://registry.npmmirror.com/immer/-/immer-10.2.0.tgz",
      "integrity": "sha512-d/+XTN3zfODyjr89gM3mPq1WNX2B8pYsu7eORitdwyA2sBubnTl3laYlBk4sXY5FUa5qTZGBDPJICVbvqzjlbw==",
      "dev": true,
      "license": "MIT",
      "funding": {
        "type": "opencollective",
        "url": "https://opencollective.com/immer"
      }
    },
    "node_modules/jiti": {
      "version": "2.7.0",
      "resolved": "https://registry.npmmirror.com/jiti/-/jiti-2.7.0.tgz",
      "integrity": "sha512-AC/7JofJvZGrrneWNaEnJeOLUx+JlGt7tNa0wZiRPT4MY1wmfKjt2+6O2p2uz2+skll8OZZmJMNqeke7kKbNgQ==",
      "dev": true,
      "license": "MIT",
      "bin": {
        "jiti": "lib/jiti-cli.mjs"
      }
    },
    "node_modules/js-tokens": {
      "version": "4.0.0",
      "resolved": "https://registry.npmmirror.com/js-tokens/-/js-tokens-4.0.0.tgz",
      "integrity": "sha512-RdJUflcE3cUzKiMqQgsCu06FPu9UdIJO0beYbPhHN4k6apgJtifcoCtT9bcxOpYBtpD2kCM6Sbzg4CausW/PKQ==",
      "dev": true,
      "license": "MIT"
    },
    "node_modules/jsesc": {
      "version": "3.1.0",
      "resolved": "https://registry.npmmirror.com/jsesc/-/jsesc-3.1.0.tgz",
      "integrity": "sha512-/sM3dO2FOzXjKQhJuo0Q173wf2KOo8t4I8vHy6lF9poUp7bKT0/NHE8fPX23PwfhnykfqnC2xRxOnVw5XuGIaA==",
      "dev": true,
      "license": "MIT",
      "bin": {
        "jsesc": "bin/jsesc"
      },
      "engines": {
        "node": ">=6"
      }
    },
    "node_modules/loose-envify": {
      "version": "1.4.0",
      "resolved": "https://registry.npmmirror.com/loose-envify/-/loose-envify-1.4.0.tgz",
      "integrity": "sha512-lyuxPGr/Wfhrlem2CL/UcnUc1zcqKAImBDzukY7Y5F/yQiNdko6+fRLevlw1HgMySw7f611UIY408EtxRSoK3Q==",
      "dev": true,
      "license": "MIT",
      "dependencies": {
        "js-tokens": "^3.0.0 || ^4.0.0"
      },
      "bin": {
        "loose-envify": "cli.js"
      }
    },
    "node_modules/ms": {
      "version": "2.1.3",
      "resolved": "https://registry.npmmirror.com/ms/-/ms-2.1.3.tgz",
      "integrity": "sha512-6FlzubTLZG3J2a/NVCAleEhjzq5oxgHyaCU9yYXvcLsvoVaHJq/s5xXI6/XXP6tz7R9xAOtHnSO/tXtF3WRTlA==",
      "dev": true,
      "license": "MIT"
    },
    "node_modules/pathe": {
      "version": "2.0.3",
      "resolved": "https://registry.npmmirror.com/pathe/-/pathe-2.0.3.tgz",
      "integrity": "sha512-WUjGcAqP1gQacoQe+OBJsFA7Ld4DyXuUIjZ5cc75cLHvJ7dtNsTugphxIADwspS+AraAUePCKrSVtPLFj/F88w==",
      "dev": true,
      "license": "MIT"
    },
    "node_modules/picomatch": {
      "version": "4.0.7",
      "resolved": "https://registry.npmmirror.com/picomatch/-/picomatch-4.0.7.tgz",
      "integrity": "sha512-qcJu88Q2IWqJsDD529JKMdwGm/dvInW4HvQnRwiH9JtihJvzGOscDtHE3x1pBKeUOTysQ8kVmLnJ2kJu7yhcGA==",
      "dev": true,
      "license": "MIT",
      "engines": {
        "node": ">=12"
      },
      "funding": {
        "url": "https://github.com/sponsors/jonschlinkert"
      }
    },
    "node_modules/quansync": {
      "version": "1.0.0",
      "resolved": "https://registry.npmmirror.com/quansync/-/quansync-1.0.0.tgz",
      "integrity": "sha512-5xZacEEufv3HSTPQuchrvV6soaiACMFnq1H8wkVioctoH3TRha9Sz66lOxRwPK/qZj7HPiSveih9yAyh98gvqA==",
      "dev": true,
      "funding": [
        {
          "type": "individual",
          "url": "https://github.com/sponsors/antfu"
        },
        {
          "type": "individual",
          "url": "https://github.com/sponsors/sxzz"
        }
      ],
      "license": "MIT"
    },
    "node_modules/react": {
      "version": "18.3.1",
      "resolved": "https://registry.npmmirror.com/react/-/react-18.3.1.tgz",
      "integrity": "sha512-wS+hAgJShR0KhEvPJArfuPVN1+Hz1t0Y6n5jLrGQbkb4urgPE/0Rve+1kMB1v/oWgHgm4WIcV+i7F2pTVj+2iQ==",
      "dev": true,
      "license": "MIT",
      "dependencies": {
        "loose-envify": "^1.1.0"
      },
      "engines": {
        "node": ">=0.10.0"
      }
    },
    "node_modules/readdirp": {
      "version": "4.1.2",
      "resolved": "https://registry.npmmirror.com/readdirp/-/readdirp-4.1.2.tgz",
      "integrity": "sha512-GDhwkLfywWL2s6vEjyhri+eXmfH6j1L7JE27WhqLeYzoh/A3DBaYGEj2H/HFZCn/kMfim73FXxEJTw06WtxQwg==",
      "dev": true,
      "license": "MIT",
      "engines": {
        "node": ">= 14.18.0"
      },
      "funding": {
        "type": "individual",
        "url": "https://paulmillr.com/funding/"
      }
    },
    "node_modules/resolve-pkg-maps": {
      "version": "1.0.0",
      "resolved": "https://registry.npmmirror.com/resolve-pkg-maps/-/resolve-pkg-maps-1.0.0.tgz",
      "integrity": "sha512-seS2Tj26TBVOC2NIc2rOe2y2ZO7efxITtLZcGSOnHHNOQ7CkiUBfw0Iw2ck6xkIhPwLhKNLS8BO+hEpngQlqzw==",
      "dev": true,
      "license": "MIT",
      "funding": {
        "url": "https://github.com/privatenumber/resolve-pkg-maps?sponsor=1"
      }
    },
    "node_modules/rolldown": {
      "version": "1.2.9",
      "resolved": "https://registry.npmmirror.com/rolldown/-/rolldown-1.2.9.tgz",
      "integrity": "sha512-hx/Pv0N1haXRb11qkfnK5MXB/iqr7i0yjWQqmO9uHqZpBgQSqzc8UsSnEpalsh+j1I8qQ2CkXAkJC8Br3dKSlg==",
      "dev": true,
      "license": "MIT",
      "dependencies": {
        "@oxc-project/types": "=0.150.0",
        "@rolldown/pluginutils": "^1.0.0"
      },
      "bin": {
        "rolldown": "bin/cli.mjs"
      },
      "engines": {
        "node": "^20.19.0 || >=22.12.0"
      },
      "optionalDependencies": {
        "@rolldown/binding-android-arm-eabi": "1.2.9",
        "@rolldown/binding-android-arm64": "1.2.9",
        "@rolldown/binding-darwin-arm64": "1.2.9",
        "@rolldown/binding-darwin-x64": "1.2.9",
        "@rolldown/binding-freebsd-x64": "1.2.9",
        "@rolldown/binding-linux-arm-gnueabihf": "1.2.9",
        "@rolldown/binding-linux-arm64-gnu": "1.2.9",
        "@rolldown/binding-linux-arm64-musl": "1.2.9",
        "@rolldown/binding-linux-ppc64-gnu": "1.2.9",
        "@rolldown/binding-linux-s390x-gnu": "1.2.9",
        "@rolldown/binding-linux-x64-gnu": "1.2.9",
        "@rolldown/binding-linux-x64-musl": "1.2.9",
        "@rolldown/binding-openharmony-arm64": "1.2.9",
        "@rolldown/binding-win32-arm64-msvc": "1.2.9",
        "@rolldown/binding-win32-x64-msvc": "1.2.9"
      }
    },
    "node_modules/rolldown-plugin-dts": {
      "version": "0.13.14",
      "resolved": "https://registry.npmmirror.com/rolldown-plugin-dts/-/rolldown-plugin-dts-0.13.14.tgz",
      "integrity": "sha512-wjNhHZz9dlN6PTIXyizB6u/mAg1wEFMW9yw7imEVe3CxHSRnNHVyycIX0yDEOVJfDNISLPbkCIPEpFpizy5+PQ==",
      "dev": true,
      "license": "MIT",
      "dependencies": {
        "@babel/generator": "^7.28.0",
        "@babel/parser": "^7.28.0",
        "@babel/types": "^7.28.1",
        "ast-kit": "^2.1.1",
        "birpc": "^2.5.0",
        "debug": "^4.4.1",
        "dts-resolver": "^2.1.1",
        "get-tsconfig": "^4.10.1"
      },
      "engines": {
        "node": ">=20.18.0"
      },
      "funding": {
        "url": "https://github.com/sponsors/sxzz"
      },
      "peerDependencies": {
        "@typescript/native-preview": ">=7.0.0-dev.20250601.1",
        "rolldown": "^1.0.0-beta.9",
        "typescript": "^5.0.0",
        "vue-tsc": "^2.2.0 || ^3.0.0"
      },
      "peerDependenciesMeta": {
        "@typescript/native-preview": {
          "optional": true
        },
        "typescript": {
          "optional": true
        },
        "vue-tsc": {
          "optional": true
        }
      }
    },
    "node_modules/semver": {
      "version": "7.8.5",
      "resolved": "https://registry.npmmirror.com/semver/-/semver-7.8.5.tgz",
      "integrity": "sha512-Y7/KDsb8LjooZpwaqGyulO6DQlksgCncchHGk+sZIY4SBvUocMBEFH5Ur1fI4dV+Jvl0w6cjvucaIi40puRioA==",
      "dev": true,
      "license": "ISC",
      "bin": {
        "semver": "bin/semver.js"
      },
      "engines": {
        "node": ">=10"
      }
    },
    "node_modules/tinyexec": {
      "version": "1.3.1",
      "resolved": "https://registry.npmmirror.com/tinyexec/-/tinyexec-1.3.1.tgz",
      "integrity": "sha512-GCvB3aoys96IuDFBMcTB46JOR6mdMtAToqwiW8JlWhsoh1mhHi/xn9ss/Dg7N555GiJyEt2qzoG/NHCwM6h1EA==",
      "dev": true,
      "license": "MIT",
      "engines": {
        "node": ">=18"
      }
    },
    "node_modules/tinyglobby": {
      "version": "0.2.17",
      "resolved": "https://registry.npmmirror.com/tinyglobby/-/tinyglobby-0.2.17.tgz",
      "integrity": "sha512-wXR/dYpcqKmfWpEdZjiKJOwCNFndD0DMnrW/cYjVGttEkBfVgcLFHoNrlj47mjOVic9yyNu65alsgF4NQyTa2g==",
      "dev": true,
      "license": "MIT",
      "dependencies": {
        "fdir": "^6.5.0",
        "picomatch": "^4.0.4"
      },
      "engines": {
        "node": ">=12.0.0"
      },
      "funding": {
        "url": "https://github.com/sponsors/SuperchupuDev"
      }
    },
    "node_modules/tsdown": {
      "version": "0.12.9",
      "resolved": "https://registry.npmmirror.com/tsdown/-/tsdown-0.12.9.tgz",
      "integrity": "sha512-MfrXm9PIlT3saovtWKf/gCJJ/NQCdE0SiREkdNC+9Qy6UHhdeDPxnkFaBD7xttVUmgp0yUHtGirpoLB+OVLuLA==",
      "dev": true,
      "license": "MIT",
      "dependencies": {
        "ansis": "^4.1.0",
        "cac": "^6.7.14",
        "chokidar": "^4.0.3",
        "debug": "^4.4.1",
        "diff": "^8.0.2",
        "empathic": "^2.0.0",
        "hookable": "^5.5.3",
        "rolldown": "^1.0.0-beta.19",
        "rolldown-plugin-dts": "^0.13.12",
        "semver": "^7.7.2",
        "tinyexec": "^1.0.1",
        "tinyglobby": "^0.2.14",
        "unconfig": "^7.3.2"
      },
      "bin": {
        "tsdown": "dist/run.mjs"
      },
      "engines": {
        "node": ">=18.0.0"
      },
      "funding": {
        "url": "https://github.com/sponsors/sxzz"
      },
      "peerDependencies": {
        "@arethetypeswrong/core": "^0.18.1",
        "publint": "^0.3.0",
        "typescript": "^5.0.0",
        "unplugin-lightningcss": "^0.4.0",
        "unplugin-unused": "^0.5.0"
      },
      "peerDependenciesMeta": {
        "@arethetypeswrong/core": {
          "optional": true
        },
        "publint": {
          "optional": true
        },
        "typescript": {
          "optional": true
        },
        "unplugin-lightningcss": {
          "optional": true
        },
        "unplugin-unused": {
          "optional": true
        }
      }
    },
    "node_modules/typescript": {
      "version": "5.9.3",
      "resolved": "https://registry.npmmirror.com/typescript/-/typescript-5.9.3.tgz",
      "integrity": "sha512-jl1vZzPDinLr9eUt3J/t7V6FgNEw9QjvBPdysz9KfQDD41fQrC2Y4vKQdiaUpFT4bXlb1RHhLpp8wtm6M5TgSw==",
      "dev": true,
      "license": "Apache-2.0",
      "bin": {
        "tsc": "bin/tsc",
        "tsserver": "bin/tsserver"
      },
      "engines": {
        "node": ">=14.17"
      }
    },
    "node_modules/unconfig": {
      "version": "7.5.0",
      "resolved": "https://registry.npmmirror.com/unconfig/-/unconfig-7.5.0.tgz",
      "integrity": "sha512-oi8Qy2JV4D3UQ0PsopR28CzdQ3S/5A1zwsUwp/rosSbfhJ5z7b90bIyTwi/F7hCLD4SGcZVjDzd4XoUQcEanvA==",
      "dev": true,
      "license": "MIT",
      "dependencies": {
        "@quansync/fs": "^1.0.0",
        "defu": "^6.1.4",
        "jiti": "^2.6.1",
        "quansync": "^1.0.0",
        "unconfig-core": "7.5.0"
      },
      "funding": {
        "url": "https://github.com/sponsors/antfu"
      }
    },
    "node_modules/unconfig-core": {
      "version": "7.5.0",
      "resolved": "https://registry.npmmirror.com/unconfig-core/-/unconfig-core-7.5.0.tgz",
      "integrity": "sha512-Su3FauozOGP44ZmKdHy2oE6LPjk51M/TRRjHv2HNCWiDvfvCoxC2lno6jevMA91MYAdCdwP05QnWdWpSbncX/w==",
      "dev": true,
      "license": "MIT",
      "dependencies": {
        "@quansync/fs": "^1.0.0",
        "quansync": "^1.0.0"
      },
      "funding": {
        "url": "https://github.com/sponsors/antfu"
      }
    },
    "node_modules/undici-types": {
      "version": "6.21.0",
      "resolved": "https://registry.npmmirror.com/undici-types/-/undici-types-6.21.0.tgz",
      "integrity": "sha512-iwDZqg0QAGrg9Rav5H4n0M64c3mkR59cJ6wQp+7C4nI0gsmExaedaYLNO44eT4AtBBwjbTiGPMlt2Md0T9H9JQ==",
      "dev": true,
      "license": "MIT"
    },
    "node_modules/use-sync-external-store": {
      "version": "1.2.0",
      "resolved": "https://registry.npmmirror.com/use-sync-external-store/-/use-sync-external-store-1.2.0.tgz",
      "integrity": "sha512-eEgnFxGQ1Ife9bzYs6VLi8/4X6CObHMw9Qr9tPY43iKwsPw8xE8+EFsf/2cFZ5S3esXgpWgtSCtLNS41F+sKPA==",
      "dev": true,
      "license": "MIT",
      "peerDependencies": {
        "react": "^16.8.0 || ^17.0.0 || ^18.0.0"
      }
    },
    "node_modules/ws": {
      "version": "8.21.3",
      "resolved": "https://registry.npmmirror.com/ws/-/ws-8.21.3.tgz",
      "integrity": "sha512-201TZ/kPWxoPr/OKWjquZR1SWKXcvxdH+e1xrx89b3YbmzLMFCLfnaG1HFIgWzJOEWZ7MvpK++odZufgYR50Rw==",
      "dev": true,
      "license": "MIT",
      "engines": {
        "node": ">=10.0.0"
      },
      "peerDependencies": {
        "bufferutil": "^4.0.1",
        "utf-8-validate": ">=5.0.2"
      },
      "peerDependenciesMeta": {
        "bufferutil": {
          "optional": true
        },
        "utf-8-validate": {
          "optional": true
        }
      }
    },
    "node_modules/yaml": {
      "version": "2.9.1",
      "resolved": "https://registry.npmmirror.com/yaml/-/yaml-2.9.1.tgz",
      "integrity": "sha512-3NxN8+78OdzbT7C/WjGsyfPAtJaN3FNDsWxv7Y7mcDsT/oOmgW8BpyQQFFBnvZE3j9Y2Sdz1ULFLezL7Eb2yFw==",
      "license": "ISC",
      "bin": {
        "yaml": "bin.mjs"
      },
      "engines": {
        "node": ">= 14.6"
      },
      "funding": {
        "url": "https://github.com/sponsors/eemeli"
      }
    },
    "node_modules/zod": {
      "version": "4.6.5",
      "resolved": "https://registry.npmmirror.com/zod/-/zod-4.6.5.tgz",
      "integrity": "sha512-v5l/aFXZQeai4awLbOpSoHecE9UiMrnfx75tEXLjNonXVARxQ5mOeipTjROUchszUNCqnE+hqAMujRsRHsut2Q==",
      "license": "MIT",
      "funding": {
        "url": "https://github.com/sponsors/colinhacks"
      }
    },
    "node_modules/zustand": {
      "version": "4.4.7",
      "resolved": "https://registry.npmmirror.com/zustand/-/zustand-4.4.7.tgz",
      "integrity": "sha512-QFJWJMdlETcI69paJwhSMJz7PPWjVP8Sjhclxmxmxv/RYI7ZOvR5BHX+ktH0we9gTWQMxcne8q1OY8xxz604gw==",
      "dev": true,
      "license": "MIT",
      "dependencies": {
        "use-sync-external-store": "1.2.0"
      },
      "engines": {
        "node": ">=12.7.0"
      },
      "peerDependencies": {
        "@types/react": ">=16.8",
        "immer": ">=9.0",
        "react": ">=16.8"
      },
      "peerDependenciesMeta": {
        "@types/react": {
          "optional": true
        },
        "immer": {
          "optional": true
        },
        "react": {
          "optional": true
        }
      }
    }
  }
}
